
Microsoft Visual Studio Solution File, Format Version 12.00
# Visual Studio Version 17
VisualStudioVersion = 17.7.34024.191
MinimumVisualStudioVersion = 10.0.40219.1
Project("{FAE04EC0-301F-11D3-BF4B-00C04F79EFBC}") = "lab9_nazarov", "lab9_nazarov\lab9_nazarov.csproj", "{990AA350-971C-4941-B427-5720979AA30F}"
EndProject
Global
	GlobalSection(SolutionConfigurationPlatforms) = preSolution
		Debug|Any CPU = Debug|Any CPU
		Release|Any CPU = Release|Any CPU
	EndGlobalSection
	GlobalSection(ProjectConfigurationPlatforms) = postSolution
		{990AA350-971C-4941-B427-5720979AA30F}.Debug|Any CPU.ActiveCfg = Debug|Any CPU
		{990AA350-971C-4941-B427-5720979AA30F}.Debug|Any CPU.Build.0 = Debug|Any CPU
		{990AA350-971C-4941-B427-5720979AA30F}.Release|Any CPU.ActiveCfg = Release|Any CPU
		{990AA350-971C-4941-B427-5720979AA30F}.Release|Any CPU.Build.0 = Release|Any CPU
	EndGlobalSection
	GlobalSection(SolutionProperties) = preSolution
		HideSolutionNode = FALSE
	EndGlobalSection
	GlobalSection(ExtensibilityGlobals) = postSolution
		SolutionGuid = {8016DC0B-52C8-4EB1-8546-5D5DADAA4C84}
	EndGlobalSection
EndGlobal
